
Microsoft Visual Studio Solution File, Format Version 12.00
# Visual Studio Version 17
VisualStudioVersion = 17.5.002.0
MinimumVisualStudioVersion = 10.0.40219.1
Project("{9A19103F-16F7-4668-BE54-9A1E7A4F7556}") = "alcoolOuGasolina-", "alcoolOuGasolina-.csproj", "{FB7BA41A-5A9F-4089-9ABF-E50610F85406}"
EndProject
Global
	GlobalSection(SolutionConfigurationPlatforms) = preSolution
		Debug|Any CPU = Debug|Any CPU
		Release|Any CPU = Release|Any CPU
	EndGlobalSection
	GlobalSection(ProjectConfigurationPlatforms) = postSolution
		{FB7BA41A-5A9F-4089-9ABF-E50610F85406}.Debug|Any CPU.ActiveCfg = Debug|Any CPU
		{FB7BA41A-5A9F-4089-9ABF-E50610F85406}.Debug|Any CPU.Build.0 = Debug|Any CPU
		{FB7BA41A-5A9F-4089-9ABF-E50610F85406}.Release|Any CPU.ActiveCfg = Release|Any CPU
		{FB7BA41A-5A9F-4089-9ABF-E50610F85406}.Release|Any CPU.Build.0 = Release|Any CPU
	EndGlobalSection
	GlobalSection(SolutionProperties) = preSolution
		HideSolutionNode = FALSE
	EndGlobalSection
	GlobalSection(ExtensibilityGlobals) = postSolution
		SolutionGuid = {D767B960-B436-4A07-9993-7394D66854C1}
	EndGlobalSection
EndGlobal
